{
  "name": "eth-mini-node",
  "version": "1.0.0",
  "lockfileVersion": 2,
  "requires": true,
  "packages": {
    "": {
      "name": "eth-mini-node",
      "version": "1.0.0",
      "license": "ISC",
      "dependencies": {
        "@ethereumjs/block": "^4.0.0",
        "@ethereumjs/common": "^3.0.0",
        "@ethereumjs/devp2p": "file:../ethereumjs-monorepo/packages/devp2p"
      }
    },
    "../ethereumjs-monorepo/packages/devp2p": {
      "name": "@ethereumjs/devp2p",
      "version": "5.0.1",
      "license": "MIT",
      "dependencies": {
        "@ethereumjs/common": "^3.0.1",
        "@ethereumjs/rlp": "^4.0.0",
        "@ethereumjs/util": "^8.0.0",
        "@scure/base": "1.1.1",
        "@types/bl": "^2.1.0",
        "@types/k-bucket": "^5.0.0",
        "@types/lru-cache": "^5.1.0",
        "bl": "^1.1.2",
        "debug": "^4.3.3",
        "ethereum-cryptography": "^1.1.2",
        "ip": "^1.1.3",
        "k-bucket": "^5.0.0",
        "lru-cache": "^5.1.1",
        "ms": "^0.7.1",
        "multiaddr": "^10.0.1",
        "scanf": "^1.1.2",
        "snappyjs": "^0.6.1"
      },
      "devDependencies": {
        "@ethereumjs/block": "^4.0.1",
        "@ethereumjs/tx": "^4.0.1",
        "@types/chalk": "^2.2.0",
        "@types/debug": "^4.1.4",
        "@types/ip": "^1.1.0",
        "@types/ms": "^0.7.30",
        "chalk": "^2.4.2",
        "testdouble": "^3.8.2"
      },
      "engines": {
        "node": ">=14"
      }
    },
    "node_modules/@ethereumjs/block": {
      "version": "4.0.0",
      "resolved": "https://registry.npmjs.org/@ethereumjs/block/-/block-4.0.0.tgz",
      "integrity": "sha512-OewaOEzcplspEeoDWyEKX7ENuXYUQMUsO18payHrPBC7kTGDcWr+qx+F6gMMC/pyJvS9l9LpLmMOS6ENIK62kA==",
      "dependencies": {
        "@ethereumjs/common": "^3.0.0",
        "@ethereumjs/rlp": "^4.0.0",
        "@ethereumjs/trie": "^5.0.0",
        "@ethereumjs/tx": "^4.0.0",
        "@ethereumjs/util": "^8.0.0",
        "ethereum-cryptography": "^1.1.2"
      },
      "engines": {
        "node": ">=14"
      }
    },
    "node_modules/@ethereumjs/common": {
      "version": "3.0.1",
      "resolved": "https://registry.npmjs.org/@ethereumjs/common/-/common-3.0.1.tgz",
      "integrity": "sha512-AHsJB7ydfb7TFCT7ORGY0tRiKkAylWZd/Qt6Lmc3Oycs66bMeE1JuYHbc0U6qsAZKZMFsUmL/UJDT/w7Z0cytw==",
      "dependencies": {
        "@ethereumjs/util": "^8.0.0",
        "crc-32": "^1.2.0"
      }
    },
    "node_modules/@ethereumjs/devp2p": {
      "resolved": "../ethereumjs-monorepo/packages/devp2p",
      "link": true
    },
    "node_modules/@ethereumjs/rlp": {
      "version": "4.0.0",
      "resolved": "https://registry.npmjs.org/@ethereumjs/rlp/-/rlp-4.0.0.tgz",
      "integrity": "sha512-LM4jS5n33bJN60fM5EC8VeyhUgga6/DjCPBV2vWjnfVtobqtOiNC4SQ1MRFqyBSmJGGdB533JZWewyvlcdJtkQ==",
      "bin": {
        "rlp": "bin/rlp"
      },
      "engines": {
        "node": ">=14"
      }
    },
    "node_modules/@ethereumjs/trie": {
      "version": "5.0.0",
      "resolved": "https://registry.npmjs.org/@ethereumjs/trie/-/trie-5.0.0.tgz",
      "integrity": "sha512-BiFv9hQZighlp4445kfG65X+tc8eEfpP32RMKzCELmSvChpwmtuL8Xuxy+aTYWQEMjY6s4gAVLX/J48SW7gwQg==",
      "dependencies": {
        "@ethereumjs/rlp": "^4.0.0",
        "@ethereumjs/util": "^8.0.0",
        "ethereum-cryptography": "^1.1.2",
        "readable-stream": "^3.6.0"
      },
      "engines": {
        "node": ">=14"
      }
    },
    "node_modules/@ethereumjs/trie/node_modules/readable-stream": {
      "version": "3.6.0",
      "resolved": "https://registry.npmjs.org/readable-stream/-/readable-stream-3.6.0.tgz",
      "integrity": "sha512-BViHy7LKeTz4oNnkcLJ+lVSL6vpiFeX6/d3oSH8zCW7UxP2onchk+vTGB143xuFjHS3deTgkKoXXymXqymiIdA==",
      "dependencies": {
        "inherits": "^2.0.3",
        "string_decoder": "^1.1.1",
        "util-deprecate": "^1.0.1"
      },
      "engines": {
        "node": ">= 6"
      }
    },
    "node_modules/@ethereumjs/tx": {
      "version": "4.0.0",
      "resolved": "https://registry.npmjs.org/@ethereumjs/tx/-/tx-4.0.0.tgz",
      "integrity": "sha512-W3Fc61kAA3D6vJad2vsfh9ygdaMeScYpf49ephoo/0y+CP9IN+MMrqA6mx1X0Fr/jf52IuW4hDHE/rmgadBV6g==",
      "dependencies": {
        "@ethereumjs/common": "^3.0.0",
        "@ethereumjs/rlp": "^4.0.0",
        "@ethereumjs/util": "^8.0.0",
        "ethereum-cryptography": "^1.1.2"
      },
      "engines": {
        "node": ">=14"
      }
    },
    "node_modules/@ethereumjs/util": {
      "version": "8.0.2",
      "resolved": "https://registry.npmjs.org/@ethereumjs/util/-/util-8.0.2.tgz",
      "integrity": "sha512-b1Fcxmq+ckCdoLPhVIBkTcH8szigMapPuEmD8EDakvtI5Na5rzmX1sBW73YQqaPc7iUxGCAzZP1LrFQ7aEMugA==",
      "dependencies": {
        "@ethereumjs/rlp": "^4.0.0-beta.2",
        "async": "^3.2.4",
        "ethereum-cryptography": "^1.1.2"
      },
      "engines": {
        "node": ">=14"
      }
    },
    "node_modules/@noble/hashes": {
      "version": "1.1.2",
      "resolved": "https://registry.npmjs.org/@noble/hashes/-/hashes-1.1.2.tgz",
      "integrity": "sha512-KYRCASVTv6aeUi1tsF8/vpyR7zpfs3FUzy2Jqm+MU+LmUKhQ0y2FpfwqkCcxSg2ua4GALJd8k2R76WxwZGbQpA==",
      "funding": [
        {
          "type": "individual",
          "url": "https://paulmillr.com/funding/"
        }
      ]
    },
    "node_modules/@noble/secp256k1": {
      "version": "1.6.3",
      "resolved": "https://registry.npmjs.org/@noble/secp256k1/-/secp256k1-1.6.3.tgz",
      "integrity": "sha512-T04e4iTurVy7I8Sw4+c5OSN9/RkPlo1uKxAomtxQNLq8j1uPAqnsqG1bqvY3Jv7c13gyr6dui0zmh/I3+f/JaQ==",
      "funding": [
        {
          "type": "individual",
          "url": "https://paulmillr.com/funding/"
        }
      ]
    },
    "node_modules/@scure/base": {
      "version": "1.1.1",
      "resolved": "https://registry.npmjs.org/@scure/base/-/base-1.1.1.tgz",
      "integrity": "sha512-ZxOhsSyxYwLJj3pLZCefNitxsj093tb2vq90mp2txoYeBqbcjDjqFhyM8eUjq/uFm6zJ+mUuqxlS2FkuSY1MTA==",
      "funding": [
        {
          "type": "individual",
          "url": "https://paulmillr.com/funding/"
        }
      ]
    },
    "node_modules/@scure/bip32": {
      "version": "1.1.0",
      "resolved": "https://registry.npmjs.org/@scure/bip32/-/bip32-1.1.0.tgz",
      "integrity": "sha512-ftTW3kKX54YXLCxH6BB7oEEoJfoE2pIgw7MINKAs5PsS6nqKPuKk1haTF/EuHmYqG330t5GSrdmtRuHaY1a62Q==",
      "funding": [
        {
          "type": "individual",
          "url": "https://paulmillr.com/funding/"
        }
      ],
      "dependencies": {
        "@noble/hashes": "~1.1.1",
        "@noble/secp256k1": "~1.6.0",
        "@scure/base": "~1.1.0"
      }
    },
    "node_modules/@scure/bip39": {
      "version": "1.1.0",
      "resolved": "https://registry.npmjs.org/@scure/bip39/-/bip39-1.1.0.tgz",
      "integrity": "sha512-pwrPOS16VeTKg98dYXQyIjJEcWfz7/1YJIwxUEPFfQPtc86Ym/1sVgQ2RLoD43AazMk2l/unK4ITySSpW2+82w==",
      "funding": [
        {
          "type": "individual",
          "url": "https://paulmillr.com/funding/"
        }
      ],
      "dependencies": {
        "@noble/hashes": "~1.1.1",
        "@scure/base": "~1.1.0"
      }
    },
    "node_modules/async": {
      "version": "3.2.4",
      "resolved": "https://registry.npmjs.org/async/-/async-3.2.4.tgz",
      "integrity": "sha512-iAB+JbDEGXhyIUavoDl9WP/Jj106Kz9DEn1DPgYw5ruDn0e3Wgi3sKFm55sASdGBNOQB8F59d9qQ7deqrHA8wQ=="
    },
    "node_modules/crc-32": {
      "version": "1.2.2",
      "resolved": "https://registry.npmjs.org/crc-32/-/crc-32-1.2.2.tgz",
      "integrity": "sha512-ROmzCKrTnOwybPcJApAA6WBWij23HVfGVNKqqrZpuyZOHqK2CwHSvpGuyt/UNNvaIjEd8X5IFGp4Mh+Ie1IHJQ==",
      "bin": {
        "crc32": "bin/crc32.njs"
      },
      "engines": {
        "node": ">=0.8"
      }
    },
    "node_modules/ethereum-cryptography": {
      "version": "1.1.2",
      "resolved": "https://registry.npmjs.org/ethereum-cryptography/-/ethereum-cryptography-1.1.2.tgz",
      "integrity": "sha512-XDSJlg4BD+hq9N2FjvotwUET9Tfxpxc3kWGE2AqUG5vcbeunnbImVk3cj6e/xT3phdW21mE8R5IugU4fspQDcQ==",
      "dependencies": {
        "@noble/hashes": "1.1.2",
        "@noble/secp256k1": "1.6.3",
        "@scure/bip32": "1.1.0",
        "@scure/bip39": "1.1.0"
      }
    },
    "node_modules/inherits": {
      "version": "2.0.4",
      "resolved": "https://registry.npmjs.org/inherits/-/inherits-2.0.4.tgz",
      "integrity": "sha512-k/vGaX4/Yla3WzyMCvTQOXYeIHvqOKtnqBduzTHpzpQZzAskKMhZ2K+EnBiSM9zGSoIFeMpXKxa4dYeZIQqewQ=="
    },
    "node_modules/string_decoder": {
      "version": "1.1.1",
      "resolved": "https://registry.npmjs.org/string_decoder/-/string_decoder-1.1.1.tgz",
      "integrity": "sha512-n/ShnvDi6FHbbVfviro+WojiFzv+s8MPMHBczVePfUpDJLwoLT0ht1l4YwBCbi8pJAveEEdnkHyPyTP/mzRfwg==",
      "dependencies": {
        "safe-buffer": "~5.1.0"
      }
    },
    "node_modules/string_decoder/node_modules/safe-buffer": {
      "version": "5.1.2",
      "resolved": "https://registry.npmjs.org/safe-buffer/-/safe-buffer-5.1.2.tgz",
      "integrity": "sha512-Gd2UZBJDkXlY7GbJxfsE8/nvKkUEU1G38c1siN6QP6a9PT9MmHB8GnpscSmMJSoF8LOIrt8ud/wPtojys4G6+g=="
    },
    "node_modules/util-deprecate": {
      "version": "1.0.2",
      "resolved": "https://registry.npmjs.org/util-deprecate/-/util-deprecate-1.0.2.tgz",
      "integrity": "sha1-RQ1Nyfpw3nMnYvvS1KKJgUGaDM8="
    }
  },
  "dependencies": {
    "@ethereumjs/block": {
      "version": "4.0.0",
      "resolved": "https://registry.npmjs.org/@ethereumjs/block/-/block-4.0.0.tgz",
      "integrity": "sha512-OewaOEzcplspEeoDWyEKX7ENuXYUQMUsO18payHrPBC7kTGDcWr+qx+F6gMMC/pyJvS9l9LpLmMOS6ENIK62kA==",
      "requires": {
        "@ethereumjs/common": "^3.0.0",
        "@ethereumjs/rlp": "^4.0.0",
        "@ethereumjs/trie": "^5.0.0",
        "@ethereumjs/tx": "^4.0.0",
        "@ethereumjs/util": "^8.0.0",
        "ethereum-cryptography": "^1.1.2"
      }
    },
    "@ethereumjs/common": {
      "version": "3.0.1",
      "resolved": "https://registry.npmjs.org/@ethereumjs/common/-/common-3.0.1.tgz",
      "integrity": "sha512-AHsJB7ydfb7TFCT7ORGY0tRiKkAylWZd/Qt6Lmc3Oycs66bMeE1JuYHbc0U6qsAZKZMFsUmL/UJDT/w7Z0cytw==",
      "requires": {
        "@ethereumjs/util": "^8.0.0",
        "crc-32": "^1.2.0"
      }
    },
    "@ethereumjs/devp2p": {
      "version": "file:../ethereumjs-monorepo/packages/devp2p",
      "requires": {
        "@ethereumjs/block": "^4.0.1",
        "@ethereumjs/common": "^3.0.1",
        "@ethereumjs/rlp": "^4.0.0",
        "@ethereumjs/tx": "^4.0.1",
        "@ethereumjs/util": "^8.0.0",
        "@scure/base": "1.1.1",
        "@types/bl": "^2.1.0",
        "@types/chalk": "^2.2.0",
        "@types/debug": "^4.1.4",
        "@types/ip": "^1.1.0",
        "@types/k-bucket": "^5.0.0",
        "@types/lru-cache": "^5.1.0",
        "@types/ms": "^0.7.30",
        "bl": "^1.1.2",
        "chalk": "^2.4.2",
        "debug": "^4.3.3",
        "ethereum-cryptography": "^1.1.2",
        "ip": "^1.1.3",
        "k-bucket": "^5.0.0",
        "lru-cache": "^5.1.1",
        "ms": "^0.7.1",
        "multiaddr": "^10.0.1",
        "scanf": "^1.1.2",
        "snappyjs": "^0.6.1",
        "testdouble": "^3.8.2"
      }
    },
    "@ethereumjs/rlp": {
      "version": "4.0.0",
      "resolved": "https://registry.npmjs.org/@ethereumjs/rlp/-/rlp-4.0.0.tgz",
      "integrity": "sha512-LM4jS5n33bJN60fM5EC8VeyhUgga6/DjCPBV2vWjnfVtobqtOiNC4SQ1MRFqyBSmJGGdB533JZWewyvlcdJtkQ=="
    },
    "@ethereumjs/trie": {
      "version": "5.0.0",
      "resolved": "https://registry.npmjs.org/@ethereumjs/trie/-/trie-5.0.0.tgz",
      "integrity": "sha512-BiFv9hQZighlp4445kfG65X+tc8eEfpP32RMKzCELmSvChpwmtuL8Xuxy+aTYWQEMjY6s4gAVLX/J48SW7gwQg==",
      "requires": {
        "@ethereumjs/rlp": "^4.0.0",
        "@ethereumjs/util": "^8.0.0",
        "ethereum-cryptography": "^1.1.2",
        "readable-stream": "^3.6.0"
      },
      "dependencies": {
        "readable-stream": {
          "version": "3.6.0",
          "resolved": "https://registry.npmjs.org/readable-stream/-/readable-stream-3.6.0.tgz",
          "integrity": "sha512-BViHy7LKeTz4oNnkcLJ+lVSL6vpiFeX6/d3oSH8zCW7UxP2onchk+vTGB143xuFjHS3deTgkKoXXymXqymiIdA==",
          "requires": {
            "inherits": "^2.0.3",
            "string_decoder": "^1.1.1",
            "util-deprecate": "^1.0.1"
          }
        }
      }
    },
    "@ethereumjs/tx": {
      "version": "4.0.0",
      "resolved": "https://registry.npmjs.org/@ethereumjs/tx/-/tx-4.0.0.tgz",
      "integrity": "sha512-W3Fc61kAA3D6vJad2vsfh9ygdaMeScYpf49ephoo/0y+CP9IN+MMrqA6mx1X0Fr/jf52IuW4hDHE/rmgadBV6g==",
      "requires": {
        "@ethereumjs/common": "^3.0.0",
        "@ethereumjs/rlp": "^4.0.0",
        "@ethereumjs/util": "^8.0.0",
        "ethereum-cryptography": "^1.1.2"
      }
    },
    "@ethereumjs/util": {
      "version": "8.0.2",
      "resolved": "https://registry.npmjs.org/@ethereumjs/util/-/util-8.0.2.tgz",
      "integrity": "sha512-b1Fcxmq+ckCdoLPhVIBkTcH8szigMapPuEmD8EDakvtI5Na5rzmX1sBW73YQqaPc7iUxGCAzZP1LrFQ7aEMugA==",
      "requires": {
        "@ethereumjs/rlp": "^4.0.0-beta.2",
        "async": "^3.2.4",
        "ethereum-cryptography": "^1.1.2"
      }
    },
    "@noble/hashes": {
      "version": "1.1.2",
      "resolved": "https://registry.npmjs.org/@noble/hashes/-/hashes-1.1.2.tgz",
      "integrity": "sha512-KYRCASVTv6aeUi1tsF8/vpyR7zpfs3FUzy2Jqm+MU+LmUKhQ0y2FpfwqkCcxSg2ua4GALJd8k2R76WxwZGbQpA=="
    },
    "@noble/secp256k1": {
      "version": "1.6.3",
      "resolved": "https://registry.npmjs.org/@noble/secp256k1/-/secp256k1-1.6.3.tgz",
      "integrity": "sha512-T04e4iTurVy7I8Sw4+c5OSN9/RkPlo1uKxAomtxQNLq8j1uPAqnsqG1bqvY3Jv7c13gyr6dui0zmh/I3+f/JaQ=="
    },
    "@scure/base": {
      "version": "1.1.1",
      "resolved": "https://registry.npmjs.org/@scure/base/-/base-1.1.1.tgz",
      "integrity": "sha512-ZxOhsSyxYwLJj3pLZCefNitxsj093tb2vq90mp2txoYeBqbcjDjqFhyM8eUjq/uFm6zJ+mUuqxlS2FkuSY1MTA=="
    },
    "@scure/bip32": {
      "version": "1.1.0",
      "resolved": "https://registry.npmjs.org/@scure/bip32/-/bip32-1.1.0.tgz",
      "integrity": "sha512-ftTW3kKX54YXLCxH6BB7oEEoJfoE2pIgw7MINKAs5PsS6nqKPuKk1haTF/EuHmYqG330t5GSrdmtRuHaY1a62Q==",
      "requires": {
        "@noble/hashes": "~1.1.1",
        "@noble/secp256k1": "~1.6.0",
        "@scure/base": "~1.1.0"
      }
    },
    "@scure/bip39": {
      "version": "1.1.0",
      "resolved": "https://registry.npmjs.org/@scure/bip39/-/bip39-1.1.0.tgz",
      "integrity": "sha512-pwrPOS16VeTKg98dYXQyIjJEcWfz7/1YJIwxUEPFfQPtc86Ym/1sVgQ2RLoD43AazMk2l/unK4ITySSpW2+82w==",
      "requires": {
        "@noble/hashes": "~1.1.1",
        "@scure/base": "~1.1.0"
      }
    },
    "async": {
      "version": "3.2.4",
      "resolved": "https://registry.npmjs.org/async/-/async-3.2.4.tgz",
      "integrity": "sha512-iAB+JbDEGXhyIUavoDl9WP/Jj106Kz9DEn1DPgYw5ruDn0e3Wgi3sKFm55sASdGBNOQB8F59d9qQ7deqrHA8wQ=="
    },
    "crc-32": {
      "version": "1.2.2",
      "resolved": "https://registry.npmjs.org/crc-32/-/crc-32-1.2.2.tgz",
      "integrity": "sha512-ROmzCKrTnOwybPcJApAA6WBWij23HVfGVNKqqrZpuyZOHqK2CwHSvpGuyt/UNNvaIjEd8X5IFGp4Mh+Ie1IHJQ=="
    },
    "ethereum-cryptography": {
      "version": "1.1.2",
      "resolved": "https://registry.npmjs.org/ethereum-cryptography/-/ethereum-cryptography-1.1.2.tgz",
      "integrity": "sha512-XDSJlg4BD+hq9N2FjvotwUET9Tfxpxc3kWGE2AqUG5vcbeunnbImVk3cj6e/xT3phdW21mE8R5IugU4fspQDcQ==",
      "requires": {
        "@noble/hashes": "1.1.2",
        "@noble/secp256k1": "1.6.3",
        "@scure/bip32": "1.1.0",
        "@scure/bip39": "1.1.0"
      }
    },
    "inherits": {
      "version": "2.0.4",
      "resolved": "https://registry.npmjs.org/inherits/-/inherits-2.0.4.tgz",
      "integrity": "sha512-k/vGaX4/Yla3WzyMCvTQOXYeIHvqOKtnqBduzTHpzpQZzAskKMhZ2K+EnBiSM9zGSoIFeMpXKxa4dYeZIQqewQ=="
    },
    "string_decoder": {
      "version": "1.1.1",
      "resolved": "https://registry.npmjs.org/string_decoder/-/string_decoder-1.1.1.tgz",
      "integrity": "sha512-n/ShnvDi6FHbbVfviro+WojiFzv+s8MPMHBczVePfUpDJLwoLT0ht1l4YwBCbi8pJAveEEdnkHyPyTP/mzRfwg==",
      "requires": {
        "safe-buffer": "~5.1.0"
      },
      "dependencies": {
        "safe-buffer": {
          "version": "5.1.2",
          "resolved": "https://registry.npmjs.org/safe-buffer/-/safe-buffer-5.1.2.tgz",
          "integrity": "sha512-Gd2UZBJDkXlY7GbJxfsE8/nvKkUEU1G38c1siN6QP6a9PT9MmHB8GnpscSmMJSoF8LOIrt8ud/wPtojys4G6+g=="
        }
      }
    },
    "util-deprecate": {
      "version": "1.0.2",
      "resolved": "https://registry.npmjs.org/util-deprecate/-/util-deprecate-1.0.2.tgz",
      "integrity": "sha1-RQ1Nyfpw3nMnYvvS1KKJgUGaDM8="
    }
  }
}
